
Microsoft Visual Studio Solution File, Format Version 12.00
# Visual Studio Version 16
VisualStudioVersion = 16.0.30517.126
MinimumVisualStudioVersion = 10.0.40219.1
Project("{FAE04EC0-301F-11D3-BF4B-00C04F79EFBC}") = "LoopAndCondition", "LoopAndCondition\LoopAndCondition.csproj", "{22B182CD-AA72-4956-9D7E-76395DD0B308}"
EndProject
Global
	GlobalSection(SolutionConfigurationPlatforms) = preSolution
		Debug|Any CPU = Debug|Any CPU
		Release|Any CPU = Release|Any CPU
	EndGlobalSection
	GlobalSection(ProjectConfigurationPlatforms) = postSolution
		{22B182CD-AA72-4956-9D7E-76395DD0B308}.Debug|Any CPU.ActiveCfg = Debug|Any CPU
		{22B182CD-AA72-4956-9D7E-76395DD0B308}.Debug|Any CPU.Build.0 = Debug|Any CPU
		{22B182CD-AA72-4956-9D7E-76395DD0B308}.Release|Any CPU.ActiveCfg = Release|Any CPU
		{22B182CD-AA72-4956-9D7E-76395DD0B308}.Release|Any CPU.Build.0 = Release|Any CPU
	EndGlobalSection
	GlobalSection(SolutionProperties) = preSolution
		HideSolutionNode = FALSE
	EndGlobalSection
	GlobalSection(ExtensibilityGlobals) = postSolution
		SolutionGuid = {E618E7E4-391D-40A4-B82A-4125357694B3}
	EndGlobalSection
EndGlobal
